
Microsoft Visual Studio Solution File, Format Version 12.00
# Visual Studio Version 17
VisualStudioVersion = 17.8.34511.84
MinimumVisualStudioVersion = 10.0.40219.1
Project("{9A19103F-16F7-4668-BE54-9A1E7A4F7556}") = "PS", "PS\PS.csproj", "{F4D1A391-33E7-445F-9943-4A11AFCC75C7}"
EndProject
Project("{FAE04EC0-301F-11D3-BF4B-00C04F79EFBC}") = "WebAppApi", "WebAppApi\WebAppApi.csproj", "{878A269D-786F-41DE-9A8C-A816E3812DB0}"
EndProject
Global
	GlobalSection(SolutionConfigurationPlatforms) = preSolution
		Debug|Any CPU = Debug|Any CPU
		Release|Any CPU = Release|Any CPU
	EndGlobalSection
	GlobalSection(ProjectConfigurationPlatforms) = postSolution
		{F4D1A391-33E7-445F-9943-4A11AFCC75C7}.Debug|Any CPU.ActiveCfg = Debug|Any CPU
		{F4D1A391-33E7-445F-9943-4A11AFCC75C7}.Debug|Any CPU.Build.0 = Debug|Any CPU
		{F4D1A391-33E7-445F-9943-4A11AFCC75C7}.Release|Any CPU.ActiveCfg = Release|Any CPU
		{F4D1A391-33E7-445F-9943-4A11AFCC75C7}.Release|Any CPU.Build.0 = Release|Any CPU
		{878A269D-786F-41DE-9A8C-A816E3812DB0}.Debug|Any CPU.ActiveCfg = Debug|Any CPU
		{878A269D-786F-41DE-9A8C-A816E3812DB0}.Debug|Any CPU.Build.0 = Debug|Any CPU
		{878A269D-786F-41DE-9A8C-A816E3812DB0}.Release|Any CPU.ActiveCfg = Release|Any CPU
		{878A269D-786F-41DE-9A8C-A816E3812DB0}.Release|Any CPU.Build.0 = Release|Any CPU
	EndGlobalSection
	GlobalSection(SolutionProperties) = preSolution
		HideSolutionNode = FALSE
	EndGlobalSection
	GlobalSection(ExtensibilityGlobals) = postSolution
		SolutionGuid = {BD5A11A8-3928-49B5-8C44-D6AC0C68E593}
	EndGlobalSection
EndGlobal
